
Microsoft Visual Studio Solution File, Format Version 12.00
# Visual Studio Version 16
VisualStudioVersion = 16.0.31205.134
MinimumVisualStudioVersion = 10.0.40219.1
Project("{FAE04EC0-301F-11D3-BF4B-00C04F79EFBC}") = "LINQ Concat", "LINQ Concat.csproj", "{6AC0DBED-5031-4BA6-B38E-A0598AFA8963}"
EndProject
Global
	GlobalSection(SolutionConfigurationPlatforms) = preSolution
		Debug|Any CPU = Debug|Any CPU
		Release|Any CPU = Release|Any CPU
	EndGlobalSection
	GlobalSection(ProjectConfigurationPlatforms) = postSolution
		{6AC0DBED-5031-4BA6-B38E-A0598AFA8963}.Debug|Any CPU.ActiveCfg = Debug|Any CPU
		{6AC0DBED-5031-4BA6-B38E-A0598AFA8963}.Debug|Any CPU.Build.0 = Debug|Any CPU
		{6AC0DBED-5031-4BA6-B38E-A0598AFA8963}.Release|Any CPU.ActiveCfg = Release|Any CPU
		{6AC0DBED-5031-4BA6-B38E-A0598AFA8963}.Release|Any CPU.Build.0 = Release|Any CPU
	EndGlobalSection
	GlobalSection(SolutionProperties) = preSolution
		HideSolutionNode = FALSE
	EndGlobalSection
	GlobalSection(ExtensibilityGlobals) = postSolution
		SolutionGuid = {8C3F2157-0AD9-4B9D-9B9B-227F4EDC128F}
	EndGlobalSection
EndGlobal
